
Microsoft Visual Studio Solution File, Format Version 12.00
# Visual Studio Version 16
VisualStudioVersion = 16.0.30225.117
MinimumVisualStudioVersion = 10.0.40219.1
Project("{FAE04EC0-301F-11D3-BF4B-00C04F79EFBC}") = "WebDriveImageApp", "WebDriveImageApp\WebDriveImageApp.csproj", "{DC514DA2-9FCD-4F7E-956B-053C52A30E97}"
EndProject
Global
	GlobalSection(SolutionConfigurationPlatforms) = preSolution
		Debug|Any CPU = Debug|Any CPU
		Release|Any CPU = Release|Any CPU
	EndGlobalSection
	GlobalSection(ProjectConfigurationPlatforms) = postSolution
		{DC514DA2-9FCD-4F7E-956B-053C52A30E97}.Debug|Any CPU.ActiveCfg = Debug|Any CPU
		{DC514DA2-9FCD-4F7E-956B-053C52A30E97}.Debug|Any CPU.Build.0 = Debug|Any CPU
		{DC514DA2-9FCD-4F7E-956B-053C52A30E97}.Release|Any CPU.ActiveCfg = Release|Any CPU
		{DC514DA2-9FCD-4F7E-956B-053C52A30E97}.Release|Any CPU.Build.0 = Release|Any CPU
	EndGlobalSection
	GlobalSection(SolutionProperties) = preSolution
		HideSolutionNode = FALSE
	EndGlobalSection
	GlobalSection(ExtensibilityGlobals) = postSolution
		SolutionGuid = {A124F289-6AD0-4413-A99B-CDB6BC14408E}
	EndGlobalSection
EndGlobal
